
Microsoft Visual Studio Solution File, Format Version 12.00
# Visual Studio Version 17
VisualStudioVersion = 17.13.35825.156 d17.13
MinimumVisualStudioVersion = 10.0.40219.1
Project("{FAE04EC0-301F-11D3-BF4B-00C04F79EFBC}") = "NZWalksPortal.API", "NZWalksPortal.API\NZWalksPortal.API.csproj", "{786F8C32-EF17-4FD6-A779-19181C6EE33C}"
EndProject
Global
	GlobalSection(SolutionConfigurationPlatforms) = preSolution
		Debug|Any CPU = Debug|Any CPU
		Release|Any CPU = Release|Any CPU
	EndGlobalSection
	GlobalSection(ProjectConfigurationPlatforms) = postSolution
		{786F8C32-EF17-4FD6-A779-19181C6EE33C}.Debug|Any CPU.ActiveCfg = Debug|Any CPU
		{786F8C32-EF17-4FD6-A779-19181C6EE33C}.Debug|Any CPU.Build.0 = Debug|Any CPU
		{786F8C32-EF17-4FD6-A779-19181C6EE33C}.Release|Any CPU.ActiveCfg = Release|Any CPU
		{786F8C32-EF17-4FD6-A779-19181C6EE33C}.Release|Any CPU.Build.0 = Release|Any CPU
	EndGlobalSection
	GlobalSection(SolutionProperties) = preSolution
		HideSolutionNode = FALSE
	EndGlobalSection
	GlobalSection(ExtensibilityGlobals) = postSolution
		SolutionGuid = {C8117B72-E213-4C5C-B372-AD8D2D398787}
	EndGlobalSection
EndGlobal
